{
  "object": {
    "pins": [
      {
        "package": "Kingfisher",
        "repositoryURL": "https://github.com/onevcat/Kingfisher.git",
        "state": {
          "branch": null,
          "revision": "2ef543ee21d63734e1c004ad6c870255e8716c50",
          "version": "7.12.0"
        }
      },
      {
        "package": "swift-syntax",
        "repositoryURL": "https://github.com/swiftlang/swift-syntax.git",
        "state": {
          "branch": null,
          "revision": "f99ae8aa18f0cf0d53481901f88a0991dc3bd4a2",
          "version": "601.0.1"
        }
      },
      {
        "package": "SwiftDate",
        "repositoryURL": "https://github.com/malcommac/SwiftDate.git",
        "state": {
          "branch": null,
          "revision": "5d943224c3bb173e6ecf27295611615eba90c80e",
          "version": "7.0.0"
        }
      }
    ]
  },
  "version": 1
}
